// !$*UTF8*$!
{
	archiveVersion = 1;
	classes = {
	};
	objectVersion = 77;
	objects = {

/* Begin PBXContainerItemProxy section */
		D82371992D5BB25B00807FDF /* PBXContainerItemProxy */ = {
			isa = PBXContainerItemProxy;
			containerPortal = D82371802D5BB25A00807FDF /* Project object */;
			proxyType = 1;
			remoteGlobalIDString = D82371872D5BB25A00807FDF;
			remoteInfo = rick_and_morty_app;
		};
		D82371A32D5BB25B00807FDF /* PBXContainerItemProxy */ = {
			isa = PBXContainerItemProxy;
			containerPortal = D82371802D5BB25A00807FDF /* Project object */;
			proxyType = 1;
			remoteGlobalIDString = D82371872D5BB25A00807FDF;
			remoteInfo = rick_and_morty_app;
		};
/* End PBXContainerItemProxy section */

/* Begin PBXFileReference section */
		D82371882D5BB25A00807FDF /* rick_and_morty_app.app */ = {isa = PBXFileReference; explicitFileType = wrapper.application; includeInIndex = 0; path = rick_and_morty_app.app; sourceTree = BUILT_PRODUCTS_DIR; };
		D82371982D5BB25B00807FDF /* rick_and_morty_appTests.xctest */ = {isa = PBXFileReference; explicitFileType = wrapper.cfbundle; includeInIndex = 0; path = rick_and_morty_appTests.xctest; sourceTree = BUILT_PRODUCTS_DIR; };
		D82371A22D5BB25B00807FDF /* rick_and_morty_appUITests.xctest */ = {isa = PBXFileReference; explicitFileType = wrapper.cfbundle; includeInIndex = 0; path = rick_and_morty_appUITests.xctest; sourceTree = BUILT_PRODUCTS_DIR; };
/* End PBXFileReference section */

/* Begin PBXFileSystemSynchronizedRootGroup section */
		D823718A2D5BB25A00807FDF /* rick_and_morty_app */ = {
			isa = PBXFileSystemSynchronizedRootGroup;
			path = rick_and_morty_app;
			sourceTree = "<group>";
		};
		D823719B2D5BB25B00807FDF /* rick_and_morty_appTests */ = {
			isa = PBXFileSystemSynchronizedRootGroup;
			path = rick_and_morty_appTests;
			sourceTree = "<group>";
		};
		D82371A52D5BB25B00807FDF /* rick_and_morty_appUITests */ = {
			isa = PBXFileSystemSynchronizedRootGroup;
			path = rick_and_morty_appUITests;
			sourceTree = "<group>";
		};
/* End PBXFileSystemSynchronizedRootGroup section */

/* Begin PBXFrameworksBuildPhase section */
		D82371852D5BB25A00807FDF /* Frameworks */ = {
			isa = PBXFrameworksBuildPhase;
			buildActionMask = 2147483647;
			files = (
			);
			runOnlyForDeploymentPostprocessing = 0;
		};
		D82371952D5BB25B00807FDF /* Frameworks */ = {
			isa = PBXFrameworksBuildPhase;
			buildActionMask = 2147483647;
			files = (
			);
			runOnlyForDeploymentPostprocessing = 0;
		};
		D823719F2D5BB25B00807FDF /* Frameworks */ = {
			isa = PBXFrameworksBuildPhase;
			buildActionMask = 2147483647;
			files = (
			);
			runOnlyForDeploymentPostprocessing = 0;
		};
/* End PBXFrameworksBuildPhase section */

/* Begin PBXGroup section */
		D823717F2D5BB25A00807FDF = {
			isa = PBXGroup;
			children = (
				D823718A2D5BB25A00807FDF /* rick_and_morty_app */,
				D823719B2D5BB25B00807FDF /* rick_and_morty_appTests */,
				D82371A52D5BB25B00807FDF /* rick_and_morty_appUITests */,
				D86854942D634DDE0080B752 /* Frameworks */,
				D82371892D5BB25A00807FDF /* Products */,
			);
			sourceTree = "<group>";
		};
		D82371892D5BB25A00807FDF /* Products */ = {
			isa = PBXGroup;
			children = (
				D82371882D5BB25A00807FDF /* rick_and_morty_app.app */,
				D82371982D5BB25B00807FDF /* rick_and_morty_appTests.xctest */,
				D82371A22D5BB25B00807FDF /* rick_and_morty_appUITests.xctest */,
			);
			name = Products;
			sourceTree = "<group>";
		};
		D86854942D634DDE0080B752 /* Frameworks */ = {
			isa = PBXGroup;
			children = (
			);
			name = Frameworks;
			sourceTree = "<group>";
		};
/* End PBXGroup section */

/* Begin PBXNativeTarget section */
		D82371872D5BB25A00807FDF /* rick_and_morty_app */ = {
			isa = PBXNativeTarget;
			buildConfigurationList = D82371AC2D5BB25B00807FDF /* Build configuration list for PBXNativeTarget "rick_and_morty_app" */;
			buildPhases = (
				D82371842D5BB25A00807FDF /* Sources */,
				D82371852D5BB25A00807FDF /* Frameworks */,
				D82371862D5BB25A00807FDF /* Resources */,
			);
			buildRules = (
			);
			dependencies = (
			);
			fileSystemSynchronizedGroups = (
				D823718A2D5BB25A00807FDF /* rick_and_morty_app */,
			);
			name = rick_and_morty_app;
			packageProductDependencies = (
			);
			productName = rick_and_morty_app;
			productReference = D82371882D5BB25A00807FDF /* rick_and_morty_app.app */;
			productType = "com.apple.product-type.application";
		};
		D82371972D5BB25B00807FDF /* rick_and_morty_appTests */ = {
			isa = PBXNativeTarget;
			buildConfigurationList = D82371AF2D5BB25B00807FDF /* Build configuration list for PBXNativeTarget "rick_and_morty_appTests" */;
			buildPhases = (
				D82371942D5BB25B00807FDF /* Sources */,
				D82371952D5BB25B00807FDF /* Frameworks */,
				D82371962D5BB25B00807FDF /* Resources */,
			);
			buildRules = (
			);
			dependencies = (
				D823719A2D5BB25B00807FDF /* PBXTargetDependency */,
			);
			fileSystemSynchronizedGroups = (
				D823719B2D5BB25B00807FDF /* rick_and_morty_appTests */,
			);
			name = rick_and_morty_appTests;
			packageProductDependencies = (
			);
			productName = rick_and_morty_appTests;
			productReference = D82371982D5BB25B00807FDF /* rick_and_morty_appTests.xctest */;
			productType = "com.apple.product-type.bundle.unit-test";
		};
		D82371A12D5BB25B00807FDF /* rick_and_morty_appUITests */ = {
			isa = PBXNativeTarget;
			buildConfigurationList = D82371B22D5BB25B00807FDF /* Build configuration list for PBXNativeTarget "rick_and_morty_appUITests" */;
			buildPhases = (
				D823719E2D5BB25B00807FDF /* Sources */,
				D823719F2D5BB25B00807FDF /* Frameworks */,
				D82371A02D5BB25B00807FDF /* Resources */,
			);
			buildRules = (
			);
			dependencies = (
				D82371A42D5BB25B00807FDF /* PBXTargetDependency */,
			);
			fileSystemSynchronizedGroups = (
				D82371A52D5BB25B00807FDF /* rick_and_morty_appUITests */,
			);
			name = rick_and_morty_appUITests;
			packageProductDependencies = (
			);
			productName = rick_and_morty_appUITests;
			productReference = D82371A22D5BB25B00807FDF /* rick_and_morty_appUITests.xctest */;
			productType = "com.apple.product-type.bundle.ui-testing";
		};
/* End PBXNativeTarget section */

/* Begin PBXProject section */
		D82371802D5BB25A00807FDF /* Project object */ = {
			isa = PBXProject;
			attributes = {
				BuildIndependentTargetsInParallel = 1;
				LastSwiftUpdateCheck = 1620;
				LastUpgradeCheck = 1620;
				TargetAttributes = {
					D82371872D5BB25A00807FDF = {
						CreatedOnToolsVersion = 16.2;
					};
					D82371972D5BB25B00807FDF = {
						CreatedOnToolsVersion = 16.2;
						TestTargetID = D82371872D5BB25A00807FDF;
					};
					D82371A12D5BB25B00807FDF = {
						CreatedOnToolsVersion = 16.2;
						TestTargetID = D82371872D5BB25A00807FDF;
					};
				};
			};
			buildConfigurationList = D82371832D5BB25A00807FDF /* Build configuration list for PBXProject "rick_and_morty_app" */;
			developmentRegion = en;
			hasScannedForEncodings = 0;
			knownRegions = (
				en,
				Base,
			);
			mainGroup = D823717F2D5BB25A00807FDF;
			minimizedProjectReferenceProxies = 1;
			packageReferences = (
			);
			preferredProjectObjectVersion = 77;
			productRefGroup = D82371892D5BB25A00807FDF /* Products */;
			projectDirPath = "";
			projectRoot = "";
			targets = (
				D82371872D5BB25A00807FDF /* rick_and_morty_app */,
				D82371972D5BB25B00807FDF /* rick_and_morty_appTests */,
				D82371A12D5BB25B00807FDF /* rick_and_morty_appUITests */,
			);
		};
/* End PBXProject section */

/* Begin PBXResourcesBuildPhase section */
		D82371862D5BB25A00807FDF /* Resources */ = {
			isa = PBXResourcesBuildPhase;
			buildActionMask = 2147483647;
			files = (
			);
			runOnlyForDeploymentPostprocessing = 0;
		};
		D82371962D5BB25B00807FDF /* Resources */ = {
			isa = PBXResourcesBuildPhase;
			buildActionMask = 2147483647;
			files = (
			);
			runOnlyForDeploymentPostprocessing = 0;
		};
		D82371A02D5BB25B00807FDF /* Resources */ = {
			isa = PBXResourcesBuildPhase;
			buildActionMask = 2147483647;
			files = (
			);
			runOnlyForDeploymentPostprocessing = 0;
		};
/* End PBXResourcesBuildPhase section */

/* Begin PBXSourcesBuildPhase section */
		D82371842D5BB25A00807FDF /* Sources */ = {
			isa = PBXSourcesBuildPhase;
			buildActionMask = 2147483647;
			files = (
			);
			runOnlyForDeploymentPostprocessing = 0;
		};
		D82371942D5BB25B00807FDF /* Sources */ = {
			isa = PBXSourcesBuildPhase;
			buildActionMask = 2147483647;
			files = (
			);
			runOnlyForDeploymentPostprocessing = 0;
		};
		D823719E2D5BB25B00807FDF /* Sources */ = {
			isa = PBXSourcesBuildPhase;
			buildActionMask = 2147483647;
			files = (
			);
			runOnlyForDeploymentPostprocessing = 0;
		};
/* End PBXSourcesBuildPhase section */

/* Begin PBXTargetDependency section */
		D823719A2D5BB25B00807FDF /* PBXTargetDependency */ = {
			isa = PBXTargetDependency;
			target = D82371872D5BB25A00807FDF /* rick_and_morty_app */;
			targetProxy = D82371992D5BB25B00807FDF /* PBXContainerItemProxy */;
		};
		D82371A42D5BB25B00807FDF /* PBXTargetDependency */ = {
			isa = PBXTargetDependency;
			target = D82371872D5BB25A00807FDF /* rick_and_morty_app */;
			targetProxy = D82371A32D5BB25B00807FDF /* PBXContainerItemProxy */;
		};
/* End PBXTargetDependency section */

/* Begin XCBuildConfiguration section */
		D82371AA2D5BB25B00807FDF /* Debug */ = {
			isa = XCBuildConfiguration;
			buildSettings = {
				ALWAYS_SEARCH_USER_PATHS = NO;
				ASSETCATALOG_COMPILER_GENERATE_SWIFT_ASSET_SYMBOL_EXTENSIONS = YES;
				CLANG_ANALYZER_NONNULL = YES;
				CLANG_ANALYZER_NUMBER_OBJECT_CONVERSION = YES_AGGRESSIVE;
				CLANG_CXX_LANGUAGE_STANDARD = "gnu++20";
				CLANG_ENABLE_MODULES = YES;
				CLANG_ENABLE_OBJC_ARC = YES;
				CLANG_ENABLE_OBJC_WEAK = YES;
				CLANG_WARN_BLOCK_CAPTURE_AUTORELEASING = YES;
				CLANG_WARN_BOOL_CONVERSION = YES;
				CLANG_WARN_COMMA = YES;
				CLANG_WARN_CONSTANT_CONVERSION = YES;
				CLANG_WARN_DEPRECATED_OBJC_IMPLEMENTATIONS = YES;
				CLANG_WARN_DIRECT_OBJC_ISA_USAGE = YES_ERROR;
				CLANG_WARN_DOCUMENTATION_COMMENTS = YES;
				CLANG_WARN_EMPTY_BODY = YES;
				CLANG_WARN_ENUM_CONVERSION = YES;
				CLANG_WARN_INFINITE_RECURSION = YES;
				CLANG_WARN_INT_CONVERSION = YES;
				CLANG_WARN_NON_LITERAL_NULL_CONVERSION = YES;
				CLANG_WARN_OBJC_IMPLICIT_RETAIN_SELF = YES;
				CLANG_WARN_OBJC_LITERAL_CONVERSION = YES;
				CLANG_WARN_OBJC_ROOT_CLASS = YES_ERROR;
				CLANG_WARN_QUOTED_INCLUDE_IN_FRAMEWORK_HEADER = YES;
				CLANG_WARN_RANGE_LOOP_ANALYSIS = YES;
				CLANG_WARN_STRICT_PROTOTYPES = YES;
				CLANG_WARN_SUSPICIOUS_MOVE = YES;
				CLANG_WARN_UNGUARDED_AVAILABILITY = YES_AGGRESSIVE;
				CLANG_WARN_UNREACHABLE_CODE = YES;
				CLANG_WARN__DUPLICATE_METHOD_MATCH = YES;
				COPY_PHASE_STRIP = NO;
				DEBUG_INFORMATION_FORMAT = dwarf;
				ENABLE_STRICT_OBJC_MSGSEND = YES;
				ENABLE_TESTABILITY = YES;
				ENABLE_USER_SCRIPT_SANDBOXING = YES;
				GCC_C_LANGUAGE_STANDARD = gnu17;
				GCC_DYNAMIC_NO_PIC = NO;
				GCC_NO_COMMON_BLOCKS = YES;
				GCC_OPTIMIZATION_LEVEL = 0;
				GCC_PREPROCESSOR_DEFINITIONS = (
					"DEBUG=1",
					"$(inherited)",
				);
				GCC_WARN_64_TO_32_BIT_CONVERSION = YES;
				GCC_WARN_ABOUT_RETURN_TYPE = YES_ERROR;
				GCC_WARN_UNDECLARED_SELECTOR = YES;
				GCC_WARN_UNINITIALIZED_AUTOS = YES_AGGRESSIVE;
				GCC_WARN_UNUSED_FUNCTION = YES;
				GCC_WARN_UNUSED_VARIABLE = YES;
				IPHONEOS_DEPLOYMENT_TARGET = 18.2;
				LOCALIZATION_PREFERS_STRING_CATALOGS = YES;
				MTL_ENABLE_DEBUG_INFO = INCLUDE_SOURCE;
				MTL_FAST_MATH = YES;
				ONLY_ACTIVE_ARCH = YES;
				SDKROOT = iphoneos;
				SWIFT_ACTIVE_COMPILATION_CONDITIONS = "DEBUG $(inherited)";
				SWIFT_OPTIMIZATION_LEVEL = "-Onone";
			};
			name = Debug;
		};
		D82371AB2D5BB25B00807FDF /* Release */ = {
			isa = XCBuildConfiguration;
			buildSettings = {
				ALWAYS_SEARCH_USER_PATHS = NO;
				ASSETCATALOG_COMPILER_GENERATE_SWIFT_ASSET_SYMBOL_EXTENSIONS = YES;
				CLANG_ANALYZER_NONNULL = YES;
				CLANG_ANALYZER_NUMBER_OBJECT_CONVERSION = YES_AGGRESSIVE;
				CLANG_CXX_LANGUAGE_STANDARD = "gnu++20";
				CLANG_ENABLE_MODULES = YES;
				CLANG_ENABLE_OBJC_ARC = YES;
				CLANG_ENABLE_OBJC_WEAK = YES;
				CLANG_WARN_BLOCK_CAPTURE_AUTORELEASING = YES;
				CLANG_WARN_BOOL_CONVERSION = YES;
				CLANG_WARN_COMMA = YES;
				CLANG_WARN_CONSTANT_CONVERSION = YES;
				CLANG_WARN_DEPRECATED_OBJC_IMPLEMENTATIONS = YES;
				CLANG_WARN_DIRECT_OBJC_ISA_USAGE = YES_ERROR;
				CLANG_WARN_DOCUMENTATION_COMMENTS = YES;
				CLANG_WARN_EMPTY_BODY = YES;
				CLANG_WARN_ENUM_CONVERSION = YES;
				CLANG_WARN_INFINITE_RECURSION = YES;
				CLANG_WARN_INT_CONVERSION = YES;
				CLANG_WARN_NON_LITERAL_NULL_CONVERSION = YES;
				CLANG_WARN_OBJC_IMPLICIT_RETAIN_SELF = YES;
				CLANG_WARN_OBJC_LITERAL_CONVERSION = YES;
				CLANG_WARN_OBJC_ROOT_CLASS = YES_ERROR;
				CLANG_WARN_QUOTED_INCLUDE_IN_FRAMEWORK_HEADER = YES;
				CLANG_WARN_RANGE_LOOP_ANALYSIS = YES;
				CLANG_WARN_STRICT_PROTOTYPES = YES;
				CLANG_WARN_SUSPICIOUS_MOVE = YES;
				CLANG_WARN_UNGUARDED_AVAILABILITY = YES_AGGRESSIVE;
				CLANG_WARN_UNREACHABLE_CODE = YES;
				CLANG_WARN__DUPLICATE_METHOD_MATCH = YES;
				COPY_PHASE_STRIP = NO;
				DEBUG_INFORMATION_FORMAT = "dwarf-with-dsym";
				ENABLE_NS_ASSERTIONS = NO;
				ENABLE_STRICT_OBJC_MSGSEND = YES;
				ENABLE_USER_SCRIPT_SANDBOXING = YES;
				GCC_C_LANGUAGE_STANDARD = gnu17;
				GCC_NO_COMMON_BLOCKS = YES;
				GCC_WARN_64_TO_32_BIT_CONVERSION = YES;
				GCC_WARN_ABOUT_RETURN_TYPE = YES_ERROR;
				GCC_WARN_UNDECLARED_SELECTOR = YES;
				GCC_WARN_UNINITIALIZED_AUTOS = YES_AGGRESSIVE;
				GCC_WARN_UNUSED_FUNCTION = YES;
				GCC_WARN_UNUSED_VARIABLE = YES;
				IPHONEOS_DEPLOYMENT_TARGET = 18.2;
				LOCALIZATION_PREFERS_STRING_CATALOGS = YES;
				MTL_ENABLE_DEBUG_INFO = NO;
				MTL_FAST_MATH = YES;
				SDKROOT = iphoneos;
				SWIFT_COMPILATION_MODE = wholemodule;
				VALIDATE_PRODUCT = YES;
			};
			name = Release;
		};
		D82371AD2D5BB25B00807FDF /* Debug */ = {
			isa = XCBuildConfiguration;
			buildSettings = {
				ASSETCATALOG_COMPILER_APPICON_NAME = AppIcon;
				ASSETCATALOG_COMPILER_GLOBAL_ACCENT_COLOR_NAME = AccentColor;
				CODE_SIGN_STYLE = Automatic;
				CURRENT_PROJECT_VERSION = 1;
				DEVELOPMENT_ASSET_PATHS = "\"rick_and_morty_app/Preview Content\"";
				ENABLE_PREVIEWS = YES;
				GENERATE_INFOPLIST_FILE = YES;
				INFOPLIST_KEY_UIApplicationSceneManifest_Generation = YES;
				INFOPLIST_KEY_UIApplicationSupportsIndirectInputEvents = YES;
				INFOPLIST_KEY_UILaunchScreen_Generation = YES;
				INFOPLIST_KEY_UISupportedInterfaceOrientations_iPad = "UIInterfaceOrientationPortrait UIInterfaceOrientationPortraitUpsideDown UIInterfaceOrientationLandscapeLeft UIInterfaceOrientationLandscapeRight";
				INFOPLIST_KEY_UISupportedInterfaceOrientations_iPhone = "UIInterfaceOrientationPortrait UIInterfaceOrientationLandscapeLeft UIInterfaceOrientationLandscapeRight";
				LD_RUNPATH_SEARCH_PATHS = (
					"$(inherited)",
					"@executable_path/Frameworks",
				);
				MARKETING_VERSION = 1.0;
				PRODUCT_BUNDLE_IDENTIFIER = "tomas-ebert.rick-and-morty-app";
				PRODUCT_NAME = "$(TARGET_NAME)";
				SWIFT_EMIT_LOC_STRINGS = YES;
				SWIFT_VERSION = 5.0;
				TARGETED_DEVICE_FAMILY = "1,2";
			};
			name = Debug;
		};
		D82371AE2D5BB25B00807FDF /* Release */ = {
			isa = XCBuildConfiguration;
			buildSettings = {
				ASSETCATALOG_COMPILER_APPICON_NAME = AppIcon;
				ASSETCATALOG_COMPILER_GLOBAL_ACCENT_COLOR_NAME = AccentColor;
				CODE_SIGN_STYLE = Automatic;
				CURRENT_PROJECT_VERSION = 1;
				DEVELOPMENT_ASSET_PATHS = "\"rick_and_morty_app/Preview Content\"";
				ENABLE_PREVIEWS = YES;
				GENERATE_INFOPLIST_FILE = YES;
				INFOPLIST_KEY_UIApplicationSceneManifest_Generation = YES;
				INFOPLIST_KEY_UIApplicationSupportsIndirectInputEvents = YES;
				INFOPLIST_KEY_UILaunchScreen_Generation = YES;
				INFOPLIST_KEY_UISupportedInterfaceOrientations_iPad = "UIInterfaceOrientationPortrait UIInterfaceOrientationPortraitUpsideDown UIInterfaceOrientationLandscapeLeft UIInterfaceOrientationLandscapeRight";
				INFOPLIST_KEY_UISupportedInterfaceOrientations_iPhone = "UIInterfaceOrientationPortrait UIInterfaceOrientationLandscapeLeft UIInterfaceOrientationLandscapeRight";
				LD_RUNPATH_SEARCH_PATHS = (
					"$(inherited)",
					"@executable_path/Frameworks",
				);
				MARKETING_VERSION = 1.0;
				PRODUCT_BUNDLE_IDENTIFIER = "tomas-ebert.rick-and-morty-app";
				PRODUCT_NAME = "$(TARGET_NAME)";
				SWIFT_EMIT_LOC_STRINGS = YES;
				SWIFT_VERSION = 5.0;
				TARGETED_DEVICE_FAMILY = "1,2";
			};
			name = Release;
		};
		D82371B02D5BB25B00807FDF /* Debug */ = {
			isa = XCBuildConfiguration;
			buildSettings = {
				BUNDLE_LOADER = "$(TEST_HOST)";
				CODE_SIGN_STYLE = Automatic;
				CURRENT_PROJECT_VERSION = 1;
				GENERATE_INFOPLIST_FILE = YES;
				IPHONEOS_DEPLOYMENT_TARGET = 18.2;
				MARKETING_VERSION = 1.0;
				PRODUCT_BUNDLE_IDENTIFIER = "tomas-ebert.rick-and-morty-appTests";
				PRODUCT_NAME = "$(TARGET_NAME)";
				SWIFT_EMIT_LOC_STRINGS = NO;
				SWIFT_VERSION = 5.0;
				TARGETED_DEVICE_FAMILY = "1,2";
				TEST_HOST = "$(BUILT_PRODUCTS_DIR)/rick_and_morty_app.app/$(BUNDLE_EXECUTABLE_FOLDER_PATH)/rick_and_morty_app";
			};
			name = Debug;
		};
		D82371B12D5BB25B00807FDF /* Release */ = {
			isa = XCBuildConfiguration;
			buildSettings = {
				BUNDLE_LOADER = "$(TEST_HOST)";
				CODE_SIGN_STYLE = Automatic;
				CURRENT_PROJECT_VERSION = 1;
				GENERATE_INFOPLIST_FILE = YES;
				IPHONEOS_DEPLOYMENT_TARGET = 18.2;
				MARKETING_VERSION = 1.0;
				PRODUCT_BUNDLE_IDENTIFIER = "tomas-ebert.rick-and-morty-appTests";
				PRODUCT_NAME = "$(TARGET_NAME)";
				SWIFT_EMIT_LOC_STRINGS = NO;
				SWIFT_VERSION = 5.0;
				TARGETED_DEVICE_FAMILY = "1,2";
				TEST_HOST = "$(BUILT_PRODUCTS_DIR)/rick_and_morty_app.app/$(BUNDLE_EXECUTABLE_FOLDER_PATH)/rick_and_morty_app";
			};
			name = Release;
		};
		D82371B32D5BB25B00807FDF /* Debug */ = {
			isa = XCBuildConfiguration;
			buildSettings = {
				CODE_SIGN_STYLE = Automatic;
				CURRENT_PROJECT_VERSION = 1;
				GENERATE_INFOPLIST_FILE = YES;
				MARKETING_VERSION = 1.0;
				PRODUCT_BUNDLE_IDENTIFIER = "tomas-ebert.rick-and-morty-appUITests";
				PRODUCT_NAME = "$(TARGET_NAME)";
				SWIFT_EMIT_LOC_STRINGS = NO;
				SWIFT_VERSION = 5.0;
				TARGETED_DEVICE_FAMILY = "1,2";
				TEST_TARGET_NAME = rick_and_morty_app;
			};
			name = Debug;
		};
		D82371B42D5BB25B00807FDF /* Release */ = {
			isa = XCBuildConfiguration;
			buildSettings = {
				CODE_SIGN_STYLE = Automatic;
				CURRENT_PROJECT_VERSION = 1;
				GENERATE_INFOPLIST_FILE = YES;
				MARKETING_VERSION = 1.0;
				PRODUCT_BUNDLE_IDENTIFIER = "tomas-ebert.rick-and-morty-appUITests";
				PRODUCT_NAME = "$(TARGET_NAME)";
				SWIFT_EMIT_LOC_STRINGS = NO;
				SWIFT_VERSION = 5.0;
				TARGETED_DEVICE_FAMILY = "1,2";
				TEST_TARGET_NAME = rick_and_morty_app;
			};
			name = Release;
		};
/* End XCBuildConfiguration section */

/* Begin XCConfigurationList section */
		D82371832D5BB25A00807FDF /* Build configuration list for PBXProject "rick_and_morty_app" */ = {
			isa = XCConfigurationList;
			buildConfigurations = (
				D82371AA2D5BB25B00807FDF /* Debug */,
				D82371AB2D5BB25B00807FDF /* Release */,
			);
			defaultConfigurationIsVisible = 0;
			defaultConfigurationName = Release;
		};
		D82371AC2D5BB25B00807FDF /* Build configuration list for PBXNativeTarget "rick_and_morty_app" */ = {
			isa = XCConfigurationList;
			buildConfigurations = (
				D82371AD2D5BB25B00807FDF /* Debug */,
				D82371AE2D5BB25B00807FDF /* Release */,
			);
			defaultConfigurationIsVisible = 0;
			defaultConfigurationName = Release;
		};
		D82371AF2D5BB25B00807FDF /* Build configuration list for PBXNativeTarget "rick_and_morty_appTests" */ = {
			isa = XCConfigurationList;
			buildConfigurations = (
				D82371B02D5BB25B00807FDF /* Debug */,
				D82371B12D5BB25B00807FDF /* Release */,
			);
			defaultConfigurationIsVisible = 0;
			defaultConfigurationName = Release;
		};
		D82371B22D5BB25B00807FDF /* Build configuration list for PBXNativeTarget "rick_and_morty_appUITests" */ = {
			isa = XCConfigurationList;
			buildConfigurations = (
				D82371B32D5BB25B00807FDF /* Debug */,
				D82371B42D5BB25B00807FDF /* Release */,
			);
			defaultConfigurationIsVisible = 0;
			defaultConfigurationName = Release;
		};
/* End XCConfigurationList section */
	};
	rootObject = D82371802D5BB25A00807FDF /* Project object */;
}
